
Microsoft Visual Studio Solution File, Format Version 12.00
# Visual Studio Version 17
VisualStudioVersion = 17.14.36511.14 d17.14
MinimumVisualStudioVersion = 10.0.40219.1
Project("{FAE04EC0-301F-11D3-BF4B-00C04F79EFBC}") = "SalesWebMcv", "SalesWebMcv\SalesWebMcv.csproj", "{E0127BF6-1C3B-44CF-818E-004CF91AA499}"
EndProject
Global
	GlobalSection(SolutionConfigurationPlatforms) = preSolution
		Debug|Any CPU = Debug|Any CPU
		Release|Any CPU = Release|Any CPU
	EndGlobalSection
	GlobalSection(ProjectConfigurationPlatforms) = postSolution
		{E0127BF6-1C3B-44CF-818E-004CF91AA499}.Debug|Any CPU.ActiveCfg = Debug|Any CPU
		{E0127BF6-1C3B-44CF-818E-004CF91AA499}.Debug|Any CPU.Build.0 = Debug|Any CPU
		{E0127BF6-1C3B-44CF-818E-004CF91AA499}.Release|Any CPU.ActiveCfg = Release|Any CPU
		{E0127BF6-1C3B-44CF-818E-004CF91AA499}.Release|Any CPU.Build.0 = Release|Any CPU
	EndGlobalSection
	GlobalSection(SolutionProperties) = preSolution
		HideSolutionNode = FALSE
	EndGlobalSection
	GlobalSection(ExtensibilityGlobals) = postSolution
		SolutionGuid = {833E96B7-E518-483A-9160-767FB789D778}
	EndGlobalSection
EndGlobal
